# this file is automatically generated; do not edit by hand.

[dep.mach-std]
url = "https://github.com/briar-systems/mach-std"
ref = "tag/v0.34.0"
commit = "2f0a0f9cc73edc5f4e31d6c90ab445dfaf79ddb4"

[dep.mach-http]
url = "https://github.com/briar-systems/mach-http"
ref = "tag/v0.7.6"
commit = "110b1b604d4d947c7a562c2553d8de4c50a507ed"

[dep.mach-crypto]
url = "https://github.com/briar-systems/mach-crypto"
ref = "tag/v0.8.2"
commit = "84a1f60e370d76246bde114b2adbc78698a79ffa"

[dep.mach-tls]
url = "https://github.com/briar-systems/mach-tls"
ref = "tag/v0.2.5"
commit = "5750e607bf4fb2a3a2d3ca80cc5c06a9a3c255f5"

[dep.mach-quic]
url = "https://github.com/briar-systems/mach-quic"
ref = "tag/v0.5.9"
commit = "d91b3ea8fec14d3e3b9fca86681a26d0cffcc1da"

[dep.mach-acme]
url = "https://github.com/briar-systems/mach-acme"
ref = "tag/v0.1.9"
commit = "89c9479f35985c5cf515bd90bdebb95ddf83b533"

[dep.laurel]
url = "https://github.com/briar-systems/laurel"
ref = "tag/v0.8.9"
commit = "474a6e95c64a3db35cf5866589a1791b7db369aa"

[dep.hedge]
url = "https://github.com/briar-systems/hedge"
ref = "tag/v0.2.1"
commit = "3f08be3634ce6c0f6cc75df16adf555bfc419727"
