# this file is automatically generated; do not edit by hand.

[dep.mach-std]
url = "https://github.com/briar-systems/mach-std"
ref = "tag/v0.34.0"
commit = "2f0a0f9cc73edc5f4e31d6c90ab445dfaf79ddb4"

[dep.mach-http]
url = "https://github.com/briar-systems/mach-http"
ref = "tag/v0.7.5"
commit = "b4657082818e1d8deaaad0f09799cee0b8757129"

[dep.mach-crypto]
url = "https://github.com/briar-systems/mach-crypto"
ref = "tag/v0.8.1"
commit = "16f99c3bb0f0a65216f05d13199f41e10ba759e0"

[dep.mach-tls]
url = "https://github.com/briar-systems/mach-tls"
ref = "tag/v0.2.3"
commit = "99b72bd889bb36f6f8d997cd219880cc9390bfb4"

[dep.mach-quic]
url = "https://github.com/briar-systems/mach-quic"
ref = "tag/v0.5.7"
commit = "8bc315da56ed539f5d70735984cbaf7f76f79743"

[dep.mach-acme]
url = "https://github.com/briar-systems/mach-acme"
ref = "tag/v0.1.8"
commit = "8dde46f1f976195c9c04b8519b7a40e93f1d842a"

[dep.laurel]
url = "https://github.com/briar-systems/laurel"
ref = "tag/v0.8.8"
commit = "f786eea052b2e127949eed887f13a906f13c626d"

[dep.hedge]
url = "https://github.com/briar-systems/hedge"
ref = "tag/v0.2.0"
commit = "49a397b87fb0559c97772022d4b5f56543e13768"
